// !$*UTF8*$!
{
	archiveVersion = 1;
	classes = {
	};
	objectVersion = 44;
	objects = {

/* Begin PBXBuildFile section */
		5F02CE580E104F530066AD72 /* Motif.m in Sources */ = {isa = PBXBuildFile; fileRef = 5F02CE570E104F530066AD72 /* Motif.m */; };
		5F02CE780E105ACA0066AD72 /* Alphabet.m in Sources */ = {isa = PBXBuildFile; fileRef = 5F02CE770E105ACA0066AD72 /* Alphabet.m */; };
		5F02CE940E105FB60066AD72 /* Multinomial.m in Sources */ = {isa = PBXBuildFile; fileRef = 5F02CE930E105FB60066AD72 /* Multinomial.m */; };
		5F02CE9D0E1062FE0066AD72 /* Symbol.m in Sources */ = {isa = PBXBuildFile; fileRef = 5F02CE9B0E1062FE0066AD72 /* Symbol.m */; };
		5F44CCAD0E13E1CE00C04050 /* gen_dirch.c in Sources */ = {isa = PBXBuildFile; fileRef = 5F44CCAC0E13E1CE00C04050 /* gen_dirch.c */; };
		5F44CCB10E13E21200C04050 /* gen_beta.c in Sources */ = {isa = PBXBuildFile; fileRef = 5F44CCB00E13E21200C04050 /* gen_beta.c */; };
		5F44CCB50E13E49500C04050 /* gen_dirch_mix.c in Sources */ = {isa = PBXBuildFile; fileRef = 5F44CCB40E13E49500C04050 /* gen_dirch_mix.c */; };
		5F44CCB80E13E9AB00C04050 /* gen_norm.c in Sources */ = {isa = PBXBuildFile; fileRef = 5F44CCB70E13E9AB00C04050 /* gen_norm.c */; };
		5FBA37D00E12DF6600EA3AAD /* MotifSetParser.m in Sources */ = {isa = PBXBuildFile; fileRef = 5FBA37CF0E12DF6600EA3AAD /* MotifSetParser.m */; };
		5FBA37D30E12DF9100EA3AAD /* MotifSet.m in Sources */ = {isa = PBXBuildFile; fileRef = 5FBA37D10E12DF9100EA3AAD /* MotifSet.m */; };
		5FBA3A6B0E13294900EA3AAD /* Dirichlet.m in Sources */ = {isa = PBXBuildFile; fileRef = 5FBA3A6A0E13294900EA3AAD /* Dirichlet.m */; };
		5FC3095D0E18E1F0006C4679 /* Cocoa.framework in Frameworks */ = {isa = PBXBuildFile; fileRef = 5FC3095C0E18E1F0006C4679 /* Cocoa.framework */; };
		8DD76F9A0486AA7600D96B5E /* XMSParser.m in Sources */ = {isa = PBXBuildFile; fileRef = 08FB7796FE84155DC02AAC07 /* XMSParser.m */; settings = {ATTRIBUTES = (); }; };
		8DD76F9C0486AA7600D96B5E /* Foundation.framework in Frameworks */ = {isa = PBXBuildFile; fileRef = 08FB779EFE84155DC02AAC07 /* Foundation.framework */; };
		8DD76F9F0486AA7600D96B5E /* XMSParser.1 in CopyFiles */ = {isa = PBXBuildFile; fileRef = C6859EA3029092ED04C91782 /* XMSParser.1 */; };
		9595AE900FB977F700CE2BFF /* IMNSArrayExtras.m in Sources */ = {isa = PBXBuildFile; fileRef = 9595AE8D0FB977F700CE2BFF /* IMNSArrayExtras.m */; };
		9595AE910FB977F700CE2BFF /* IMNSColorExtras.m in Sources */ = {isa = PBXBuildFile; fileRef = 9595AE8F0FB977F700CE2BFF /* IMNSColorExtras.m */; };
/* End PBXBuildFile section */

/* Begin PBXCopyFilesBuildPhase section */
		8DD76F9E0486AA7600D96B5E /* CopyFiles */ = {
			isa = PBXCopyFilesBuildPhase;
			buildActionMask = 8;
			dstPath = /usr/share/man/man1/;
			dstSubfolderSpec = 0;
			files = (
				8DD76F9F0486AA7600D96B5E /* XMSParser.1 in CopyFiles */,
			);
			runOnlyForDeploymentPostprocessing = 1;
		};
/* End PBXCopyFilesBuildPhase section */

/* Begin PBXFileReference section */
		08FB7796FE84155DC02AAC07 /* XMSParser.m */ = {isa = PBXFileReference; fileEncoding = 4; lastKnownFileType = sourcecode.c.objc; path = XMSParser.m; sourceTree = "<group>"; };
		08FB779EFE84155DC02AAC07 /* Foundation.framework */ = {isa = PBXFileReference; lastKnownFileType = wrapper.framework; name = Foundation.framework; path = /System/Library/Frameworks/Foundation.framework; sourceTree = "<absolute>"; };
		32A70AAB03705E1F00C91783 /* XMSParser_Prefix.pch */ = {isa = PBXFileReference; fileEncoding = 4; lastKnownFileType = sourcecode.c.h; path = XMSParser_Prefix.pch; sourceTree = "<group>"; };
		5F02CE560E104F530066AD72 /* Motif.h */ = {isa = PBXFileReference; fileEncoding = 4; lastKnownFileType = sourcecode.c.h; path = Motif.h; sourceTree = "<group>"; };
		5F02CE570E104F530066AD72 /* Motif.m */ = {isa = PBXFileReference; fileEncoding = 4; lastKnownFileType = sourcecode.c.objc; path = Motif.m; sourceTree = "<group>"; };
		5F02CE760E105ACA0066AD72 /* Alphabet.h */ = {isa = PBXFileReference; fileEncoding = 4; lastKnownFileType = sourcecode.c.h; path = Alphabet.h; sourceTree = "<group>"; };
		5F02CE770E105ACA0066AD72 /* Alphabet.m */ = {isa = PBXFileReference; fileEncoding = 4; lastKnownFileType = sourcecode.c.objc; path = Alphabet.m; sourceTree = "<group>"; };
		5F02CE920E105FB60066AD72 /* Multinomial.h */ = {isa = PBXFileReference; fileEncoding = 4; lastKnownFileType = sourcecode.c.h; path = Multinomial.h; sourceTree = "<group>"; };
		5F02CE930E105FB60066AD72 /* Multinomial.m */ = {isa = PBXFileReference; fileEncoding = 4; lastKnownFileType = sourcecode.c.objc; path = Multinomial.m; sourceTree = "<group>"; };
		5F02CE9B0E1062FE0066AD72 /* Symbol.m */ = {isa = PBXFileReference; fileEncoding = 4; lastKnownFileType = sourcecode.c.objc; path = Symbol.m; sourceTree = "<group>"; };
		5F02CE9C0E1062FE0066AD72 /* Symbol.h */ = {isa = PBXFileReference; fileEncoding = 4; lastKnownFileType = sourcecode.c.h; path = Symbol.h; sourceTree = "<group>"; };
		5F44CCAB0E13E1CE00C04050 /* gen_dirch.h */ = {isa = PBXFileReference; fileEncoding = 4; lastKnownFileType = sourcecode.c.h; path = gen_dirch.h; sourceTree = "<group>"; };
		5F44CCAC0E13E1CE00C04050 /* gen_dirch.c */ = {isa = PBXFileReference; fileEncoding = 4; lastKnownFileType = sourcecode.c.c; path = gen_dirch.c; sourceTree = "<group>"; };
		5F44CCAF0E13E21200C04050 /* gen_beta.h */ = {isa = PBXFileReference; fileEncoding = 4; lastKnownFileType = sourcecode.c.h; path = gen_beta.h; sourceTree = "<group>"; };
		5F44CCB00E13E21200C04050 /* gen_beta.c */ = {isa = PBXFileReference; fileEncoding = 4; lastKnownFileType = sourcecode.c.c; path = gen_beta.c; sourceTree = "<group>"; };
		5F44CCB30E13E49500C04050 /* gen_dirch_mix.h */ = {isa = PBXFileReference; fileEncoding = 4; lastKnownFileType = sourcecode.c.h; path = gen_dirch_mix.h; sourceTree = "<group>"; };
		5F44CCB40E13E49500C04050 /* gen_dirch_mix.c */ = {isa = PBXFileReference; fileEncoding = 4; lastKnownFileType = sourcecode.c.c; path = gen_dirch_mix.c; sourceTree = "<group>"; };
		5F44CCB60E13E9AB00C04050 /* gen_norm.h */ = {isa = PBXFileReference; fileEncoding = 4; lastKnownFileType = sourcecode.c.h; path = gen_norm.h; sourceTree = "<group>"; };
		5F44CCB70E13E9AB00C04050 /* gen_norm.c */ = {isa = PBXFileReference; fileEncoding = 4; lastKnownFileType = sourcecode.c.c; path = gen_norm.c; sourceTree = "<group>"; };
		5FBA37CE0E12DF6600EA3AAD /* MotifSetParser.h */ = {isa = PBXFileReference; fileEncoding = 4; lastKnownFileType = sourcecode.c.h; path = MotifSetParser.h; sourceTree = "<group>"; };
		5FBA37CF0E12DF6600EA3AAD /* MotifSetParser.m */ = {isa = PBXFileReference; fileEncoding = 4; lastKnownFileType = sourcecode.c.objc; path = MotifSetParser.m; sourceTree = "<group>"; };
		5FBA37D10E12DF9100EA3AAD /* MotifSet.m */ = {isa = PBXFileReference; fileEncoding = 4; lastKnownFileType = sourcecode.c.objc; path = MotifSet.m; sourceTree = "<group>"; };
		5FBA37D20E12DF9100EA3AAD /* MotifSet.h */ = {isa = PBXFileReference; fileEncoding = 4; lastKnownFileType = sourcecode.c.h; path = MotifSet.h; sourceTree = "<group>"; };
		5FBA3A690E13294900EA3AAD /* Dirichlet.h */ = {isa = PBXFileReference; fileEncoding = 4; lastKnownFileType = sourcecode.c.h; path = Dirichlet.h; sourceTree = "<group>"; };
		5FBA3A6A0E13294900EA3AAD /* Dirichlet.m */ = {isa = PBXFileReference; fileEncoding = 4; lastKnownFileType = sourcecode.c.objc; path = Dirichlet.m; sourceTree = "<group>"; };
		5FC309480E18DF2D006C4679 /* Annotable.h */ = {isa = PBXFileReference; fileEncoding = 4; lastKnownFileType = sourcecode.c.h; path = Annotable.h; sourceTree = "<group>"; };
		5FC3095C0E18E1F0006C4679 /* Cocoa.framework */ = {isa = PBXFileReference; lastKnownFileType = wrapper.framework; name = Cocoa.framework; path = /System/Library/Frameworks/Cocoa.framework; sourceTree = "<absolute>"; };
		8DD76FA10486AA7600D96B5E /* xmsparser */ = {isa = PBXFileReference; explicitFileType = "compiled.mach-o.executable"; includeInIndex = 0; path = xmsparser; sourceTree = BUILT_PRODUCTS_DIR; };
		9595AE8C0FB977F700CE2BFF /* IMNSArrayExtras.h */ = {isa = PBXFileReference; fileEncoding = 4; lastKnownFileType = sourcecode.c.h; path = IMNSArrayExtras.h; sourceTree = "<group>"; };
		9595AE8D0FB977F700CE2BFF /* IMNSArrayExtras.m */ = {isa = PBXFileReference; fileEncoding = 4; lastKnownFileType = sourcecode.c.objc; path = IMNSArrayExtras.m; sourceTree = "<group>"; };
		9595AE8E0FB977F700CE2BFF /* IMNSColorExtras.h */ = {isa = PBXFileReference; fileEncoding = 4; lastKnownFileType = sourcecode.c.h; path = IMNSColorExtras.h; sourceTree = "<group>"; };
		9595AE8F0FB977F700CE2BFF /* IMNSColorExtras.m */ = {isa = PBXFileReference; fileEncoding = 4; lastKnownFileType = sourcecode.c.objc; path = IMNSColorExtras.m; sourceTree = "<group>"; };
		C6859EA3029092ED04C91782 /* XMSParser.1 */ = {isa = PBXFileReference; lastKnownFileType = text.man; path = XMSParser.1; sourceTree = "<group>"; };
/* End PBXFileReference section */

/* Begin PBXFrameworksBuildPhase section */
		8DD76F9B0486AA7600D96B5E /* Frameworks */ = {
			isa = PBXFrameworksBuildPhase;
			buildActionMask = 2147483647;
			files = (
				8DD76F9C0486AA7600D96B5E /* Foundation.framework in Frameworks */,
				5FC3095D0E18E1F0006C4679 /* Cocoa.framework in Frameworks */,
			);
			runOnlyForDeploymentPostprocessing = 0;
		};
/* End PBXFrameworksBuildPhase section */

/* Begin PBXGroup section */
		08FB7794FE84155DC02AAC07 /* XMSParser */ = {
			isa = PBXGroup;
			children = (
				5FC3095C0E18E1F0006C4679 /* Cocoa.framework */,
				5F02CE550E104EE20066AD72 /* Classes */,
				08FB7795FE84155DC02AAC07 /* Source */,
				C6859EA2029092E104C91782 /* Documentation */,
				08FB779DFE84155DC02AAC07 /* External Frameworks and Libraries */,
				1AB674ADFE9D54B511CA2CBB /* Products */,
			);
			name = XMSParser;
			sourceTree = "<group>";
		};
		08FB7795FE84155DC02AAC07 /* Source */ = {
			isa = PBXGroup;
			children = (
				5F44CCAA0E13E1AF00C04050 /* stats */,
				32A70AAB03705E1F00C91783 /* XMSParser_Prefix.pch */,
				08FB7796FE84155DC02AAC07 /* XMSParser.m */,
			);
			name = Source;
			sourceTree = "<group>";
		};
		08FB779DFE84155DC02AAC07 /* External Frameworks and Libraries */ = {
			isa = PBXGroup;
			children = (
				08FB779EFE84155DC02AAC07 /* Foundation.framework */,
			);
			name = "External Frameworks and Libraries";
			sourceTree = "<group>";
		};
		1AB674ADFE9D54B511CA2CBB /* Products */ = {
			isa = PBXGroup;
			children = (
				8DD76FA10486AA7600D96B5E /* xmsparser */,
			);
			name = Products;
			sourceTree = "<group>";
		};
		5F02CE550E104EE20066AD72 /* Classes */ = {
			isa = PBXGroup;
			children = (
				9595AE9D0FB9783000CE2BFF /* motif */,
				9595AE880FB977D400CE2BFF /* cocoa-extras */,
				9545923E0FB1C25700F0BEB5 /* distribution */,
				5FC309480E18DF2D006C4679 /* Annotable.h */,
			);
			name = Classes;
			sourceTree = "<group>";
		};
		5F44CCAA0E13E1AF00C04050 /* stats */ = {
			isa = PBXGroup;
			children = (
				5F44CCAB0E13E1CE00C04050 /* gen_dirch.h */,
				5F44CCAC0E13E1CE00C04050 /* gen_dirch.c */,
				5F44CCAF0E13E21200C04050 /* gen_beta.h */,
				5F44CCB00E13E21200C04050 /* gen_beta.c */,
				5F44CCB30E13E49500C04050 /* gen_dirch_mix.h */,
				5F44CCB40E13E49500C04050 /* gen_dirch_mix.c */,
				5F44CCB60E13E9AB00C04050 /* gen_norm.h */,
				5F44CCB70E13E9AB00C04050 /* gen_norm.c */,
			);
			name = stats;
			sourceTree = "<group>";
		};
		9545923E0FB1C25700F0BEB5 /* distribution */ = {
			isa = PBXGroup;
			children = (
				5F02CE760E105ACA0066AD72 /* Alphabet.h */,
				5F02CE770E105ACA0066AD72 /* Alphabet.m */,
				5F02CE9C0E1062FE0066AD72 /* Symbol.h */,
				5F02CE9B0E1062FE0066AD72 /* Symbol.m */,
				5F02CE920E105FB60066AD72 /* Multinomial.h */,
				5F02CE930E105FB60066AD72 /* Multinomial.m */,
				5FBA3A690E13294900EA3AAD /* Dirichlet.h */,
				5FBA3A6A0E13294900EA3AAD /* Dirichlet.m */,
			);
			name = distribution;
			sourceTree = "<group>";
		};
		9595AE880FB977D400CE2BFF /* cocoa-extras */ = {
			isa = PBXGroup;
			children = (
				9595AE8C0FB977F700CE2BFF /* IMNSArrayExtras.h */,
				9595AE8D0FB977F700CE2BFF /* IMNSArrayExtras.m */,
				9595AE8E0FB977F700CE2BFF /* IMNSColorExtras.h */,
				9595AE8F0FB977F700CE2BFF /* IMNSColorExtras.m */,
			);
			name = "cocoa-extras";
			sourceTree = "<group>";
		};
		9595AE9D0FB9783000CE2BFF /* motif */ = {
			isa = PBXGroup;
			children = (
				5FBA37D20E12DF9100EA3AAD /* MotifSet.h */,
				5FBA37D10E12DF9100EA3AAD /* MotifSet.m */,
				5F02CE560E104F530066AD72 /* Motif.h */,
				5F02CE570E104F530066AD72 /* Motif.m */,
				5FBA37CE0E12DF6600EA3AAD /* MotifSetParser.h */,
				5FBA37CF0E12DF6600EA3AAD /* MotifSetParser.m */,
			);
			name = motif;
			sourceTree = "<group>";
		};
		C6859EA2029092E104C91782 /* Documentation */ = {
			isa = PBXGroup;
			children = (
				C6859EA3029092ED04C91782 /* XMSParser.1 */,
			);
			name = Documentation;
			sourceTree = "<group>";
		};
/* End PBXGroup section */

/* Begin PBXNativeTarget section */
		8DD76F960486AA7600D96B5E /* xmsparser-cli */ = {
			isa = PBXNativeTarget;
			buildConfigurationList = 1DEB927408733DD40010E9CD /* Build configuration list for PBXNativeTarget "xmsparser-cli" */;
			buildPhases = (
				8DD76F990486AA7600D96B5E /* Sources */,
				8DD76F9B0486AA7600D96B5E /* Frameworks */,
				8DD76F9E0486AA7600D96B5E /* CopyFiles */,
			);
			buildRules = (
			);
			dependencies = (
			);
			name = "xmsparser-cli";
			productInstallPath = "$(HOME)/bin";
			productName = XMSParser;
			productReference = 8DD76FA10486AA7600D96B5E /* xmsparser */;
			productType = "com.apple.product-type.tool";
		};
/* End PBXNativeTarget section */

/* Begin PBXProject section */
		08FB7793FE84155DC02AAC07 /* Project object */ = {
			isa = PBXProject;
			buildConfigurationList = 1DEB927808733DD40010E9CD /* Build configuration list for PBXProject "libxms" */;
			compatibilityVersion = "Xcode 3.0";
			hasScannedForEncodings = 1;
			mainGroup = 08FB7794FE84155DC02AAC07 /* XMSParser */;
			projectDirPath = "";
			projectRoot = "";
			targets = (
				8DD76F960486AA7600D96B5E /* xmsparser-cli */,
			);
		};
/* End PBXProject section */

/* Begin PBXSourcesBuildPhase section */
		8DD76F990486AA7600D96B5E /* Sources */ = {
			isa = PBXSourcesBuildPhase;
			buildActionMask = 2147483647;
			files = (
				8DD76F9A0486AA7600D96B5E /* XMSParser.m in Sources */,
				5F02CE580E104F530066AD72 /* Motif.m in Sources */,
				5F02CE780E105ACA0066AD72 /* Alphabet.m in Sources */,
				5F02CE940E105FB60066AD72 /* Multinomial.m in Sources */,
				5F02CE9D0E1062FE0066AD72 /* Symbol.m in Sources */,
				5FBA37D00E12DF6600EA3AAD /* MotifSetParser.m in Sources */,
				5FBA37D30E12DF9100EA3AAD /* MotifSet.m in Sources */,
				5FBA3A6B0E13294900EA3AAD /* Dirichlet.m in Sources */,
				5F44CCAD0E13E1CE00C04050 /* gen_dirch.c in Sources */,
				5F44CCB10E13E21200C04050 /* gen_beta.c in Sources */,
				5F44CCB50E13E49500C04050 /* gen_dirch_mix.c in Sources */,
				5F44CCB80E13E9AB00C04050 /* gen_norm.c in Sources */,
				9595AE900FB977F700CE2BFF /* IMNSArrayExtras.m in Sources */,
				9595AE910FB977F700CE2BFF /* IMNSColorExtras.m in Sources */,
			);
			runOnlyForDeploymentPostprocessing = 0;
		};
/* End PBXSourcesBuildPhase section */

/* Begin XCBuildConfiguration section */
		1DEB927508733DD40010E9CD /* Debug */ = {
			isa = XCBuildConfiguration;
			buildSettings = {
				COPY_PHASE_STRIP = NO;
				GCC_DYNAMIC_NO_PIC = NO;
				GCC_ENABLE_FIX_AND_CONTINUE = YES;
				GCC_MODEL_TUNING = G5;
				GCC_OPTIMIZATION_LEVEL = 0;
				GCC_PRECOMPILE_PREFIX_HEADER = YES;
				GCC_PREFIX_HEADER = XMSParser_Prefix.pch;
				INSTALL_PATH = /usr/local/bin;
				PRODUCT_NAME = xmsparser;
				ZERO_LINK = YES;
			};
			name = Debug;
		};
		1DEB927608733DD40010E9CD /* Release */ = {
			isa = XCBuildConfiguration;
			buildSettings = {
				DEBUG_INFORMATION_FORMAT = "dwarf-with-dsym";
				GCC_MODEL_TUNING = G5;
				GCC_PRECOMPILE_PREFIX_HEADER = YES;
				GCC_PREFIX_HEADER = XMSParser_Prefix.pch;
				INSTALL_PATH = /usr/local/bin;
				PRODUCT_NAME = XMSParser;
			};
			name = Release;
		};
		1DEB927908733DD40010E9CD /* Debug */ = {
			isa = XCBuildConfiguration;
			buildSettings = {
				ALWAYS_SEARCH_USER_PATHS = YES;
				ARCHS = "$(NATIVE_ARCH)";
				GCC_WARN_ABOUT_RETURN_TYPE = YES;
				GCC_WARN_UNUSED_VARIABLE = YES;
				HEADER_SEARCH_PATHS = (
					/opt/local/include,
					/usr/local/include,
				);
				INCLUDED_RECURSIVE_SEARCH_PATH_SUBDIRECTORIES = "";
				LIBRARY_SEARCH_PATHS = (
					/usr/local/lib,
					/opt/local/lib,
				);
				OTHER_LDFLAGS = "";
				PREBINDING = NO;
				SDKROOT = "$(DEVELOPER_SDK_DIR)/MacOSX10.5.sdk";
				VALID_ARCHS = i386;
			};
			name = Debug;
		};
		1DEB927A08733DD40010E9CD /* Release */ = {
			isa = XCBuildConfiguration;
			buildSettings = {
				ALWAYS_SEARCH_USER_PATHS = YES;
				ARCHS = "$(NATIVE_ARCH)";
				GCC_WARN_ABOUT_RETURN_TYPE = YES;
				GCC_WARN_UNUSED_VARIABLE = YES;
				HEADER_SEARCH_PATHS = (
					/opt/local/include,
					/usr/local/include,
				);
				INCLUDED_RECURSIVE_SEARCH_PATH_SUBDIRECTORIES = "";
				LIBRARY_SEARCH_PATHS = (
					/usr/local/lib,
					/opt/local/lib,
				);
				OTHER_LDFLAGS = "";
				PREBINDING = NO;
				SDKROOT = "$(DEVELOPER_SDK_DIR)/MacOSX10.5.sdk";
				VALID_ARCHS = i386;
			};
			name = Release;
		};
/* End XCBuildConfiguration section */

/* Begin XCConfigurationList section */
		1DEB927408733DD40010E9CD /* Build configuration list for PBXNativeTarget "xmsparser-cli" */ = {
			isa = XCConfigurationList;
			buildConfigurations = (
				1DEB927508733DD40010E9CD /* Debug */,
				1DEB927608733DD40010E9CD /* Release */,
			);
			defaultConfigurationIsVisible = 0;
			defaultConfigurationName = Release;
		};
		1DEB927808733DD40010E9CD /* Build configuration list for PBXProject "libxms" */ = {
			isa = XCConfigurationList;
			buildConfigurations = (
				1DEB927908733DD40010E9CD /* Debug */,
				1DEB927A08733DD40010E9CD /* Release */,
			);
			defaultConfigurationIsVisible = 0;
			defaultConfigurationName = Release;
		};
/* End XCConfigurationList section */
	};
	rootObject = 08FB7793FE84155DC02AAC07 /* Project object */;
}
